
Microsoft Visual Studio Solution File, Format Version 12.00
# Visual Studio Version 16
VisualStudioVersion = 16.0.29806.167
MinimumVisualStudioVersion = 10.0.40219.1
Project("{FAE04EC0-301F-11D3-BF4B-00C04F79EFBC}") = "Expanding_Banner", "BasketBall_Bouncing\Expanding_Banner.csproj", "{D519D5BA-C4CF-4BFF-B0BA-241ED0B70AD4}"
EndProject
Global
	GlobalSection(SolutionConfigurationPlatforms) = preSolution
		Debug|Any CPU = Debug|Any CPU
		Release|Any CPU = Release|Any CPU
	EndGlobalSection
	GlobalSection(ProjectConfigurationPlatforms) = postSolution
		{D519D5BA-C4CF-4BFF-B0BA-241ED0B70AD4}.Debug|Any CPU.ActiveCfg = Debug|Any CPU
		{D519D5BA-C4CF-4BFF-B0BA-241ED0B70AD4}.Debug|Any CPU.Build.0 = Debug|Any CPU
		{D519D5BA-C4CF-4BFF-B0BA-241ED0B70AD4}.Release|Any CPU.ActiveCfg = Release|Any CPU
		{D519D5BA-C4CF-4BFF-B0BA-241ED0B70AD4}.Release|Any CPU.Build.0 = Release|Any CPU
	EndGlobalSection
	GlobalSection(SolutionProperties) = preSolution
		HideSolutionNode = FALSE
	EndGlobalSection
	GlobalSection(ExtensibilityGlobals) = postSolution
		SolutionGuid = {30EA81E9-7E6A-4DD5-B666-DF1EE3AAE397}
	EndGlobalSection
EndGlobal
